{
  "requires": true,
  "lockfileVersion": 1,
  "dependencies": {
    "cloudinary-core": {
      "version": "2.12.3",
      "resolved": "https://registry.npmjs.org/cloudinary-core/-/cloudinary-core-2.12.3.tgz",
      "integrity": "sha512-Ll4eDzcrIVn4zCttMh3Mdi+KNz07p5EEjBT2PQSRx8Eok1lKPt3uBBenOk/w88RKK3B8SFIWcEe/mN4BHQ0p8A=="
    }
  }
}
